
Microsoft Visual Studio Solution File, Format Version 12.00
# Visual Studio Version 16
VisualStudioVersion = 16.0.32802.440
MinimumVisualStudioVersion = 10.0.40219.1
Project("{F14B399A-7131-4C87-9E4B-1186C45EF12D}") = "BillySSRS-01", "BillySSRS-01.rptproj", "{2D80D8B6-A496-4B3D-9026-601F47B50558}"
EndProject
Global
	GlobalSection(SolutionConfigurationPlatforms) = preSolution
		Debug|Default = Debug|Default
		DebugLocal|Default = DebugLocal|Default
		Release|Default = Release|Default
	EndGlobalSection
	GlobalSection(ProjectConfigurationPlatforms) = postSolution
		{2D80D8B6-A496-4B3D-9026-601F47B50558}.Debug|Default.ActiveCfg = Debug
		{2D80D8B6-A496-4B3D-9026-601F47B50558}.Debug|Default.Build.0 = Debug
		{2D80D8B6-A496-4B3D-9026-601F47B50558}.Debug|Default.Deploy.0 = Debug
		{2D80D8B6-A496-4B3D-9026-601F47B50558}.DebugLocal|Default.ActiveCfg = DebugLocal
		{2D80D8B6-A496-4B3D-9026-601F47B50558}.DebugLocal|Default.Build.0 = DebugLocal
		{2D80D8B6-A496-4B3D-9026-601F47B50558}.Release|Default.ActiveCfg = Release
		{2D80D8B6-A496-4B3D-9026-601F47B50558}.Release|Default.Build.0 = Release
		{2D80D8B6-A496-4B3D-9026-601F47B50558}.Release|Default.Deploy.0 = Release
	EndGlobalSection
	GlobalSection(SolutionProperties) = preSolution
		HideSolutionNode = FALSE
	EndGlobalSection
	GlobalSection(ExtensibilityGlobals) = postSolution
		SolutionGuid = {44B4DA37-C80D-4AF3-A28B-F917A9F4DBE4}
	EndGlobalSection
EndGlobal
